
Microsoft Visual Studio Solution File, Format Version 12.00
# Visual Studio Version 17
VisualStudioVersion = 17.11.35208.52
MinimumVisualStudioVersion = 10.0.40219.1
Project("{2150E333-8FDC-42A3-9474-1A3956D46DE8}") = "CQRS-ES", "CQRS-ES", "{AB934098-5FA3-4455-B0CD-214949726B05}"
EndProject
Project("{2150E333-8FDC-42A3-9474-1A3956D46DE8}") = "SM-Post", "SM-Post", "{E4DF7BBB-3454-453A-AEE6-A3AA6A414133}"
EndProject
Project("{2150E333-8FDC-42A3-9474-1A3956D46DE8}") = "Post.Cmd", "Post.Cmd", "{8B451479-4B18-4F1A-BF6B-56A2378F5D3E}"
EndProject
Project("{2150E333-8FDC-42A3-9474-1A3956D46DE8}") = "Post.Query", "Post.Query", "{E97F5B7D-1A0C-4F79-AB37-E1F0922E73AD}"
EndProject
Project("{FAE04EC0-301F-11D3-BF4B-00C04F79EFBC}") = "CQRS.Core", "CQRS-ES\CQRS.Core\CQRS.Core.csproj", "{0E564593-6C87-49DB-BDD2-7FBF0A98F0BB}"
EndProject
Project("{FAE04EC0-301F-11D3-BF4B-00C04F79EFBC}") = "Post.Cmd.Api", "Post.Cmd.Api\Post.Cmd.Api.csproj", "{6B510072-0920-4EBE-9BE3-8AAA665EAC09}"
EndProject
Project("{FAE04EC0-301F-11D3-BF4B-00C04F79EFBC}") = "Post.Cmd.Domain", "Post.Cmd.Domain\Post.Cmd.Domain.csproj", "{9FF6F37D-D924-4141-9C99-654B2DFB8AD4}"
EndProject
Project("{FAE04EC0-301F-11D3-BF4B-00C04F79EFBC}") = "Post.Cmd.Infrastructure", "Post.Cmd.Infrastructure\Post.Cmd.Infrastructure.csproj", "{35F52040-E0FC-4E91-A637-3CE2DA15ADBA}"
EndProject
Project("{FAE04EC0-301F-11D3-BF4B-00C04F79EFBC}") = "Post.Query.Api", "Post.Query.Api\Post.Query.Api.csproj", "{7D8A86D8-6A87-41C5-84AA-E1F161D45EC3}"
EndProject
Project("{FAE04EC0-301F-11D3-BF4B-00C04F79EFBC}") = "Post.Query.Domain", "Post.Query.Domain\Post.Query.Domain.csproj", "{67A89400-0F17-46A1-B8DC-FCF63C666F96}"
EndProject
Project("{FAE04EC0-301F-11D3-BF4B-00C04F79EFBC}") = "Post.Query.Infrastructure", "Post.Query.Infrastructure\Post.Query.Infrastructure.csproj", "{7F213AAF-C58D-4293-AB2E-55B006B812F2}"
EndProject
Global
	GlobalSection(SolutionConfigurationPlatforms) = preSolution
		Debug|Any CPU = Debug|Any CPU
		Release|Any CPU = Release|Any CPU
	EndGlobalSection
	GlobalSection(ProjectConfigurationPlatforms) = postSolution
		{0E564593-6C87-49DB-BDD2-7FBF0A98F0BB}.Debug|Any CPU.ActiveCfg = Debug|Any CPU
		{0E564593-6C87-49DB-BDD2-7FBF0A98F0BB}.Debug|Any CPU.Build.0 = Debug|Any CPU
		{0E564593-6C87-49DB-BDD2-7FBF0A98F0BB}.Release|Any CPU.ActiveCfg = Release|Any CPU
		{0E564593-6C87-49DB-BDD2-7FBF0A98F0BB}.Release|Any CPU.Build.0 = Release|Any CPU
		{6B510072-0920-4EBE-9BE3-8AAA665EAC09}.Debug|Any CPU.ActiveCfg = Debug|Any CPU
		{6B510072-0920-4EBE-9BE3-8AAA665EAC09}.Debug|Any CPU.Build.0 = Debug|Any CPU
		{6B510072-0920-4EBE-9BE3-8AAA665EAC09}.Release|Any CPU.ActiveCfg = Release|Any CPU
		{6B510072-0920-4EBE-9BE3-8AAA665EAC09}.Release|Any CPU.Build.0 = Release|Any CPU
		{9FF6F37D-D924-4141-9C99-654B2DFB8AD4}.Debug|Any CPU.ActiveCfg = Debug|Any CPU
		{9FF6F37D-D924-4141-9C99-654B2DFB8AD4}.Debug|Any CPU.Build.0 = Debug|Any CPU
		{9FF6F37D-D924-4141-9C99-654B2DFB8AD4}.Release|Any CPU.ActiveCfg = Release|Any CPU
		{9FF6F37D-D924-4141-9C99-654B2DFB8AD4}.Release|Any CPU.Build.0 = Release|Any CPU
		{35F52040-E0FC-4E91-A637-3CE2DA15ADBA}.Debug|Any CPU.ActiveCfg = Debug|Any CPU
		{35F52040-E0FC-4E91-A637-3CE2DA15ADBA}.Debug|Any CPU.Build.0 = Debug|Any CPU
		{35F52040-E0FC-4E91-A637-3CE2DA15ADBA}.Release|Any CPU.ActiveCfg = Release|Any CPU
		{35F52040-E0FC-4E91-A637-3CE2DA15ADBA}.Release|Any CPU.Build.0 = Release|Any CPU
		{7D8A86D8-6A87-41C5-84AA-E1F161D45EC3}.Debug|Any CPU.ActiveCfg = Debug|Any CPU
		{7D8A86D8-6A87-41C5-84AA-E1F161D45EC3}.Debug|Any CPU.Build.0 = Debug|Any CPU
		{7D8A86D8-6A87-41C5-84AA-E1F161D45EC3}.Release|Any CPU.ActiveCfg = Release|Any CPU
		{7D8A86D8-6A87-41C5-84AA-E1F161D45EC3}.Release|Any CPU.Build.0 = Release|Any CPU
		{67A89400-0F17-46A1-B8DC-FCF63C666F96}.Debug|Any CPU.ActiveCfg = Debug|Any CPU
		{67A89400-0F17-46A1-B8DC-FCF63C666F96}.Debug|Any CPU.Build.0 = Debug|Any CPU
		{67A89400-0F17-46A1-B8DC-FCF63C666F96}.Release|Any CPU.ActiveCfg = Release|Any CPU
		{67A89400-0F17-46A1-B8DC-FCF63C666F96}.Release|Any CPU.Build.0 = Release|Any CPU
		{7F213AAF-C58D-4293-AB2E-55B006B812F2}.Debug|Any CPU.ActiveCfg = Debug|Any CPU
		{7F213AAF-C58D-4293-AB2E-55B006B812F2}.Debug|Any CPU.Build.0 = Debug|Any CPU
		{7F213AAF-C58D-4293-AB2E-55B006B812F2}.Release|Any CPU.ActiveCfg = Release|Any CPU
		{7F213AAF-C58D-4293-AB2E-55B006B812F2}.Release|Any CPU.Build.0 = Release|Any CPU
	EndGlobalSection
	GlobalSection(SolutionProperties) = preSolution
		HideSolutionNode = FALSE
	EndGlobalSection
	GlobalSection(NestedProjects) = preSolution
		{8B451479-4B18-4F1A-BF6B-56A2378F5D3E} = {E4DF7BBB-3454-453A-AEE6-A3AA6A414133}
		{E97F5B7D-1A0C-4F79-AB37-E1F0922E73AD} = {E4DF7BBB-3454-453A-AEE6-A3AA6A414133}
		{0E564593-6C87-49DB-BDD2-7FBF0A98F0BB} = {AB934098-5FA3-4455-B0CD-214949726B05}
		{6B510072-0920-4EBE-9BE3-8AAA665EAC09} = {8B451479-4B18-4F1A-BF6B-56A2378F5D3E}
		{9FF6F37D-D924-4141-9C99-654B2DFB8AD4} = {8B451479-4B18-4F1A-BF6B-56A2378F5D3E}
		{35F52040-E0FC-4E91-A637-3CE2DA15ADBA} = {8B451479-4B18-4F1A-BF6B-56A2378F5D3E}
		{7D8A86D8-6A87-41C5-84AA-E1F161D45EC3} = {E97F5B7D-1A0C-4F79-AB37-E1F0922E73AD}
		{67A89400-0F17-46A1-B8DC-FCF63C666F96} = {E97F5B7D-1A0C-4F79-AB37-E1F0922E73AD}
		{7F213AAF-C58D-4293-AB2E-55B006B812F2} = {E97F5B7D-1A0C-4F79-AB37-E1F0922E73AD}
	EndGlobalSection
	GlobalSection(ExtensibilityGlobals) = postSolution
		SolutionGuid = {A02398FE-D060-4689-8038-5641288FB4DA}
	EndGlobalSection
EndGlobal
